
Microsoft Visual Studio Solution File, Format Version 12.00
# Visual Studio Version 17
VisualStudioVersion = 17.3.32804.467
MinimumVisualStudioVersion = 10.0.40219.1
Project("{FAE04EC0-301F-11D3-BF4B-00C04F79EFBC}") = "Subscriptions.API", "Subscriptions.API\Subscriptions.API.csproj", "{237ECCF6-C4D2-4FAA-95E2-EE2AE5CA3E8A}"
EndProject
Global
	GlobalSection(SolutionConfigurationPlatforms) = preSolution
		Debug|Any CPU = Debug|Any CPU
		Release|Any CPU = Release|Any CPU
	EndGlobalSection
	GlobalSection(ProjectConfigurationPlatforms) = postSolution
		{237ECCF6-C4D2-4FAA-95E2-EE2AE5CA3E8A}.Debug|Any CPU.ActiveCfg = Debug|Any CPU
		{237ECCF6-C4D2-4FAA-95E2-EE2AE5CA3E8A}.Debug|Any CPU.Build.0 = Debug|Any CPU
		{237ECCF6-C4D2-4FAA-95E2-EE2AE5CA3E8A}.Release|Any CPU.ActiveCfg = Release|Any CPU
		{237ECCF6-C4D2-4FAA-95E2-EE2AE5CA3E8A}.Release|Any CPU.Build.0 = Release|Any CPU
	EndGlobalSection
	GlobalSection(SolutionProperties) = preSolution
		HideSolutionNode = FALSE
	EndGlobalSection
	GlobalSection(ExtensibilityGlobals) = postSolution
		SolutionGuid = {D3A13C32-2819-4096-87FE-BCA10D54475C}
	EndGlobalSection
EndGlobal
